{
  "name": "realtime-notebook-client",
  "version": "1.0.15",
  "lockfileVersion": 1,
  "requires": true,
  "dependencies": {
    "ot-json0": {
      "version": "1.1.0",
      "resolved": "https://registry.npmjs.org/ot-json0/-/ot-json0-1.1.0.tgz",
      "integrity": "sha512-wf5fci7GGpMYRDnbbdIFQymvhsbFACMHtxjivQo5KgvAHlxekyfJ9aPsRr6YfFQthQkk4bmsl5yESrZwC/oMYQ=="
    },
    "uuid": {
      "version": "8.3.2",
      "resolved": "https://registry.npmjs.org/uuid/-/uuid-8.3.2.tgz",
      "integrity": "sha512-+NYs2QeMWy+GWFOEm9xnn6HCDp0l7QBD7ml8zLUmJ+93Q5NF0NocErnwkTkXVFNiX3/fpC6afS8Dhb/gz7R7eg=="
    }
  }
}
